
Microsoft Visual Studio Solution File, Format Version 12.00
# Visual Studio 15
VisualStudioVersion = 15.0.26730.12
MinimumVisualStudioVersion = 10.0.40219.1
Project("{8BC9CEB8-8B4A-11D0-8D11-00A0C91BC942}") = "Lab2.3.2", "Lab2.3.2\Lab2.3.2.vcxproj", "{706BBE3A-0E30-449E-80B4-5CCC4DF2E1F3}"
EndProject
Global
	GlobalSection(SolutionConfigurationPlatforms) = preSolution
		Debug|x64 = Debug|x64
		Debug|x86 = Debug|x86
		Release|x64 = Release|x64
		Release|x86 = Release|x86
	EndGlobalSection
	GlobalSection(ProjectConfigurationPlatforms) = postSolution
		{706BBE3A-0E30-449E-80B4-5CCC4DF2E1F3}.Debug|x64.ActiveCfg = Debug|x64
		{706BBE3A-0E30-449E-80B4-5CCC4DF2E1F3}.Debug|x64.Build.0 = Debug|x64
		{706BBE3A-0E30-449E-80B4-5CCC4DF2E1F3}.Debug|x86.ActiveCfg = Debug|Win32
		{706BBE3A-0E30-449E-80B4-5CCC4DF2E1F3}.Debug|x86.Build.0 = Debug|Win32
		{706BBE3A-0E30-449E-80B4-5CCC4DF2E1F3}.Release|x64.ActiveCfg = Release|x64
		{706BBE3A-0E30-449E-80B4-5CCC4DF2E1F3}.Release|x64.Build.0 = Release|x64
		{706BBE3A-0E30-449E-80B4-5CCC4DF2E1F3}.Release|x86.ActiveCfg = Release|Win32
		{706BBE3A-0E30-449E-80B4-5CCC4DF2E1F3}.Release|x86.Build.0 = Release|Win32
	EndGlobalSection
	GlobalSection(SolutionProperties) = preSolution
		HideSolutionNode = FALSE
	EndGlobalSection
	GlobalSection(ExtensibilityGlobals) = postSolution
		SolutionGuid = {219D283F-97E7-4BEE-A9AF-1EDA4417C737}
	EndGlobalSection
EndGlobal
