
Microsoft Visual Studio Solution File, Format Version 12.00
# Visual Studio 15
VisualStudioVersion = 15.0.26730.12
MinimumVisualStudioVersion = 10.0.40219.1
Project("{8BC9CEB8-8B4A-11D0-8D11-00A0C91BC942}") = "Lab7.2.4", "Lab7.2.4\Lab7.2.4.vcxproj", "{53262474-925B-4626-BA56-BF01E27388EA}"
EndProject
Global
	GlobalSection(SolutionConfigurationPlatforms) = preSolution
		Debug|x64 = Debug|x64
		Debug|x86 = Debug|x86
		Release|x64 = Release|x64
		Release|x86 = Release|x86
	EndGlobalSection
	GlobalSection(ProjectConfigurationPlatforms) = postSolution
		{53262474-925B-4626-BA56-BF01E27388EA}.Debug|x64.ActiveCfg = Debug|x64
		{53262474-925B-4626-BA56-BF01E27388EA}.Debug|x64.Build.0 = Debug|x64
		{53262474-925B-4626-BA56-BF01E27388EA}.Debug|x86.ActiveCfg = Debug|Win32
		{53262474-925B-4626-BA56-BF01E27388EA}.Debug|x86.Build.0 = Debug|Win32
		{53262474-925B-4626-BA56-BF01E27388EA}.Release|x64.ActiveCfg = Release|x64
		{53262474-925B-4626-BA56-BF01E27388EA}.Release|x64.Build.0 = Release|x64
		{53262474-925B-4626-BA56-BF01E27388EA}.Release|x86.ActiveCfg = Release|Win32
		{53262474-925B-4626-BA56-BF01E27388EA}.Release|x86.Build.0 = Release|Win32
	EndGlobalSection
	GlobalSection(SolutionProperties) = preSolution
		HideSolutionNode = FALSE
	EndGlobalSection
	GlobalSection(ExtensibilityGlobals) = postSolution
		SolutionGuid = {8B5F4D68-405D-4D3F-B777-907DBA4B5CFB}
	EndGlobalSection
EndGlobal
