
Microsoft Visual Studio Solution File, Format Version 12.00
# Visual Studio 15
VisualStudioVersion = 15.0.26730.12
MinimumVisualStudioVersion = 10.0.40219.1
Project("{8BC9CEB8-8B4A-11D0-8D11-00A0C91BC942}") = "Lab2.9.2", "Lab2.9.2\Lab2.9.2.vcxproj", "{89C40F89-5C70-457C-9A16-0BE41DFCB981}"
EndProject
Global
	GlobalSection(SolutionConfigurationPlatforms) = preSolution
		Debug|x64 = Debug|x64
		Debug|x86 = Debug|x86
		Release|x64 = Release|x64
		Release|x86 = Release|x86
	EndGlobalSection
	GlobalSection(ProjectConfigurationPlatforms) = postSolution
		{89C40F89-5C70-457C-9A16-0BE41DFCB981}.Debug|x64.ActiveCfg = Debug|x64
		{89C40F89-5C70-457C-9A16-0BE41DFCB981}.Debug|x64.Build.0 = Debug|x64
		{89C40F89-5C70-457C-9A16-0BE41DFCB981}.Debug|x86.ActiveCfg = Debug|Win32
		{89C40F89-5C70-457C-9A16-0BE41DFCB981}.Debug|x86.Build.0 = Debug|Win32
		{89C40F89-5C70-457C-9A16-0BE41DFCB981}.Release|x64.ActiveCfg = Release|x64
		{89C40F89-5C70-457C-9A16-0BE41DFCB981}.Release|x64.Build.0 = Release|x64
		{89C40F89-5C70-457C-9A16-0BE41DFCB981}.Release|x86.ActiveCfg = Release|Win32
		{89C40F89-5C70-457C-9A16-0BE41DFCB981}.Release|x86.Build.0 = Release|Win32
	EndGlobalSection
	GlobalSection(SolutionProperties) = preSolution
		HideSolutionNode = FALSE
	EndGlobalSection
	GlobalSection(ExtensibilityGlobals) = postSolution
		SolutionGuid = {BFA016D3-CFAA-4CEB-B48C-22614282B1A7}
	EndGlobalSection
EndGlobal
