
Microsoft Visual Studio Solution File, Format Version 12.00
# Visual Studio 15
VisualStudioVersion = 15.0.26730.12
MinimumVisualStudioVersion = 10.0.40219.1
Project("{8BC9CEB8-8B4A-11D0-8D11-00A0C91BC942}") = "Lab2.5.1", "Lab2.5.1\Lab2.5.1.vcxproj", "{A521D66B-5ECD-4225-AD83-D105DA32D54C}"
EndProject
Global
	GlobalSection(SolutionConfigurationPlatforms) = preSolution
		Debug|x64 = Debug|x64
		Debug|x86 = Debug|x86
		Release|x64 = Release|x64
		Release|x86 = Release|x86
	EndGlobalSection
	GlobalSection(ProjectConfigurationPlatforms) = postSolution
		{A521D66B-5ECD-4225-AD83-D105DA32D54C}.Debug|x64.ActiveCfg = Debug|x64
		{A521D66B-5ECD-4225-AD83-D105DA32D54C}.Debug|x64.Build.0 = Debug|x64
		{A521D66B-5ECD-4225-AD83-D105DA32D54C}.Debug|x86.ActiveCfg = Debug|Win32
		{A521D66B-5ECD-4225-AD83-D105DA32D54C}.Debug|x86.Build.0 = Debug|Win32
		{A521D66B-5ECD-4225-AD83-D105DA32D54C}.Release|x64.ActiveCfg = Release|x64
		{A521D66B-5ECD-4225-AD83-D105DA32D54C}.Release|x64.Build.0 = Release|x64
		{A521D66B-5ECD-4225-AD83-D105DA32D54C}.Release|x86.ActiveCfg = Release|Win32
		{A521D66B-5ECD-4225-AD83-D105DA32D54C}.Release|x86.Build.0 = Release|Win32
	EndGlobalSection
	GlobalSection(SolutionProperties) = preSolution
		HideSolutionNode = FALSE
	EndGlobalSection
	GlobalSection(ExtensibilityGlobals) = postSolution
		SolutionGuid = {B33F88EF-D8F2-4E60-BAD0-96DDB086437F}
	EndGlobalSection
EndGlobal
