
Microsoft Visual Studio Solution File, Format Version 12.00
# Visual Studio 15
VisualStudioVersion = 15.0.26730.12
MinimumVisualStudioVersion = 10.0.40219.1
Project("{8BC9CEB8-8B4A-11D0-8D11-00A0C91BC942}") = "Lab2.11.1", "Lab2.11.1\Lab2.11.1.vcxproj", "{EB688761-EC95-4685-88FD-070958E50EE0}"
EndProject
Global
	GlobalSection(SolutionConfigurationPlatforms) = preSolution
		Debug|x64 = Debug|x64
		Debug|x86 = Debug|x86
		Release|x64 = Release|x64
		Release|x86 = Release|x86
	EndGlobalSection
	GlobalSection(ProjectConfigurationPlatforms) = postSolution
		{EB688761-EC95-4685-88FD-070958E50EE0}.Debug|x64.ActiveCfg = Debug|x64
		{EB688761-EC95-4685-88FD-070958E50EE0}.Debug|x64.Build.0 = Debug|x64
		{EB688761-EC95-4685-88FD-070958E50EE0}.Debug|x86.ActiveCfg = Debug|Win32
		{EB688761-EC95-4685-88FD-070958E50EE0}.Debug|x86.Build.0 = Debug|Win32
		{EB688761-EC95-4685-88FD-070958E50EE0}.Release|x64.ActiveCfg = Release|x64
		{EB688761-EC95-4685-88FD-070958E50EE0}.Release|x64.Build.0 = Release|x64
		{EB688761-EC95-4685-88FD-070958E50EE0}.Release|x86.ActiveCfg = Release|Win32
		{EB688761-EC95-4685-88FD-070958E50EE0}.Release|x86.Build.0 = Release|Win32
	EndGlobalSection
	GlobalSection(SolutionProperties) = preSolution
		HideSolutionNode = FALSE
	EndGlobalSection
	GlobalSection(ExtensibilityGlobals) = postSolution
		SolutionGuid = {7847723A-29BC-40B7-9D87-3445E6197393}
	EndGlobalSection
EndGlobal
