
Microsoft Visual Studio Solution File, Format Version 12.00
# Visual Studio 15
VisualStudioVersion = 15.0.26730.12
MinimumVisualStudioVersion = 10.0.40219.1
Project("{8BC9CEB8-8B4A-11D0-8D11-00A0C91BC942}") = "Lab2.3.9", "Lab2.3.9\Lab2.3.9.vcxproj", "{97B459A0-CE0D-4F54-BF78-ADBC3ABB1831}"
EndProject
Global
	GlobalSection(SolutionConfigurationPlatforms) = preSolution
		Debug|x64 = Debug|x64
		Debug|x86 = Debug|x86
		Release|x64 = Release|x64
		Release|x86 = Release|x86
	EndGlobalSection
	GlobalSection(ProjectConfigurationPlatforms) = postSolution
		{97B459A0-CE0D-4F54-BF78-ADBC3ABB1831}.Debug|x64.ActiveCfg = Debug|x64
		{97B459A0-CE0D-4F54-BF78-ADBC3ABB1831}.Debug|x64.Build.0 = Debug|x64
		{97B459A0-CE0D-4F54-BF78-ADBC3ABB1831}.Debug|x86.ActiveCfg = Debug|Win32
		{97B459A0-CE0D-4F54-BF78-ADBC3ABB1831}.Debug|x86.Build.0 = Debug|Win32
		{97B459A0-CE0D-4F54-BF78-ADBC3ABB1831}.Release|x64.ActiveCfg = Release|x64
		{97B459A0-CE0D-4F54-BF78-ADBC3ABB1831}.Release|x64.Build.0 = Release|x64
		{97B459A0-CE0D-4F54-BF78-ADBC3ABB1831}.Release|x86.ActiveCfg = Release|Win32
		{97B459A0-CE0D-4F54-BF78-ADBC3ABB1831}.Release|x86.Build.0 = Release|Win32
	EndGlobalSection
	GlobalSection(SolutionProperties) = preSolution
		HideSolutionNode = FALSE
	EndGlobalSection
	GlobalSection(ExtensibilityGlobals) = postSolution
		SolutionGuid = {617CEA6D-FF05-4E45-A712-A6A9C38A6F40}
	EndGlobalSection
EndGlobal
