
Microsoft Visual Studio Solution File, Format Version 12.00
# Visual Studio 15
VisualStudioVersion = 15.0.26730.12
MinimumVisualStudioVersion = 10.0.40219.1
Project("{8BC9CEB8-8B4A-11D0-8D11-00A0C91BC942}") = "Lab2.11.2", "Lab2.11.2\Lab2.11.2.vcxproj", "{7405AE93-B687-44EB-8E11-485C324A0ADA}"
EndProject
Global
	GlobalSection(SolutionConfigurationPlatforms) = preSolution
		Debug|x64 = Debug|x64
		Debug|x86 = Debug|x86
		Release|x64 = Release|x64
		Release|x86 = Release|x86
	EndGlobalSection
	GlobalSection(ProjectConfigurationPlatforms) = postSolution
		{7405AE93-B687-44EB-8E11-485C324A0ADA}.Debug|x64.ActiveCfg = Debug|x64
		{7405AE93-B687-44EB-8E11-485C324A0ADA}.Debug|x64.Build.0 = Debug|x64
		{7405AE93-B687-44EB-8E11-485C324A0ADA}.Debug|x86.ActiveCfg = Debug|Win32
		{7405AE93-B687-44EB-8E11-485C324A0ADA}.Debug|x86.Build.0 = Debug|Win32
		{7405AE93-B687-44EB-8E11-485C324A0ADA}.Release|x64.ActiveCfg = Release|x64
		{7405AE93-B687-44EB-8E11-485C324A0ADA}.Release|x64.Build.0 = Release|x64
		{7405AE93-B687-44EB-8E11-485C324A0ADA}.Release|x86.ActiveCfg = Release|Win32
		{7405AE93-B687-44EB-8E11-485C324A0ADA}.Release|x86.Build.0 = Release|Win32
	EndGlobalSection
	GlobalSection(SolutionProperties) = preSolution
		HideSolutionNode = FALSE
	EndGlobalSection
	GlobalSection(ExtensibilityGlobals) = postSolution
		SolutionGuid = {45A4744C-77E3-4D2C-81BC-9D057FCF5E0C}
	EndGlobalSection
EndGlobal
